// !$*UTF8*$!
{
	archiveVersion = 1;
	classes = {
	};
	objectVersion = 46;
	objects = {

/* Begin PBXBuildFile section */
		253A42111CB5C0C600CE0524 /* AppDelegate.swift in Sources */ = {isa = PBXBuildFile; fileRef = 253A42101CB5C0C600CE0524 /* AppDelegate.swift */; };
		253A42161CB5C0C600CE0524 /* Main.storyboard in Resources */ = {isa = PBXBuildFile; fileRef = 253A42141CB5C0C600CE0524 /* Main.storyboard */; };
		253A42191CB5C0C600CE0524 /* hinder.xcdatamodeld in Sources */ = {isa = PBXBuildFile; fileRef = 253A42171CB5C0C600CE0524 /* hinder.xcdatamodeld */; };
		253A421B1CB5C0C600CE0524 /* Assets.xcassets in Resources */ = {isa = PBXBuildFile; fileRef = 253A421A1CB5C0C600CE0524 /* Assets.xcassets */; };
		253A421E1CB5C0C600CE0524 /* LaunchScreen.storyboard in Resources */ = {isa = PBXBuildFile; fileRef = 253A421C1CB5C0C600CE0524 /* LaunchScreen.storyboard */; };
		253A42281CB5C6A100CE0524 /* GalleryViewController.swift in Sources */ = {isa = PBXBuildFile; fileRef = 253A42271CB5C6A100CE0524 /* GalleryViewController.swift */; };
		253A422A1CB5C87C00CE0524 /* HomePageViewController.swift in Sources */ = {isa = PBXBuildFile; fileRef = 253A42291CB5C87C00CE0524 /* HomePageViewController.swift */; };
/* End PBXBuildFile section */

/* Begin PBXFileReference section */
		253A420D1CB5C0C500CE0524 /* hinder.app */ = {isa = PBXFileReference; explicitFileType = wrapper.application; includeInIndex = 0; path = hinder.app; sourceTree = BUILT_PRODUCTS_DIR; };
		253A42101CB5C0C600CE0524 /* AppDelegate.swift */ = {isa = PBXFileReference; lastKnownFileType = sourcecode.swift; path = AppDelegate.swift; sourceTree = "<group>"; };
		253A42151CB5C0C600CE0524 /* Base */ = {isa = PBXFileReference; lastKnownFileType = file.storyboard; name = Base; path = Base.lproj/Main.storyboard; sourceTree = "<group>"; };
		253A42181CB5C0C600CE0524 /* hinder.xcdatamodel */ = {isa = PBXFileReference; lastKnownFileType = wrapper.xcdatamodel; path = hinder.xcdatamodel; sourceTree = "<group>"; };
		253A421A1CB5C0C600CE0524 /* Assets.xcassets */ = {isa = PBXFileReference; lastKnownFileType = folder.assetcatalog; path = Assets.xcassets; sourceTree = "<group>"; };
		253A421D1CB5C0C600CE0524 /* Base */ = {isa = PBXFileReference; lastKnownFileType = file.storyboard; name = Base; path = Base.lproj/LaunchScreen.storyboard; sourceTree = "<group>"; };
		253A421F1CB5C0C600CE0524 /* Info.plist */ = {isa = PBXFileReference; lastKnownFileType = text.plist.xml; path = Info.plist; sourceTree = "<group>"; };
		253A42271CB5C6A100CE0524 /* GalleryViewController.swift */ = {isa = PBXFileReference; fileEncoding = 4; lastKnownFileType = sourcecode.swift; path = GalleryViewController.swift; sourceTree = "<group>"; };
		253A42291CB5C87C00CE0524 /* HomePageViewController.swift */ = {isa = PBXFileReference; fileEncoding = 4; lastKnownFileType = sourcecode.swift; path = HomePageViewController.swift; sourceTree = "<group>"; };
/* End PBXFileReference section */

/* Begin PBXFrameworksBuildPhase section */
		253A420A1CB5C0C500CE0524 /* Frameworks */ = {
			isa = PBXFrameworksBuildPhase;
			buildActionMask = 2147483647;
			files = (
			);
			runOnlyForDeploymentPostprocessing = 0;
		};
/* End PBXFrameworksBuildPhase section */

/* Begin PBXGroup section */
		253A42041CB5C0C500CE0524 = {
			isa = PBXGroup;
			children = (
				253A420F1CB5C0C500CE0524 /* hinder */,
				253A420E1CB5C0C500CE0524 /* Products */,
			);
			sourceTree = "<group>";
		};
		253A420E1CB5C0C500CE0524 /* Products */ = {
			isa = PBXGroup;
			children = (
				253A420D1CB5C0C500CE0524 /* hinder.app */,
			);
			name = Products;
			sourceTree = "<group>";
		};
		253A420F1CB5C0C500CE0524 /* hinder */ = {
			isa = PBXGroup;
			children = (
				253A42101CB5C0C600CE0524 /* AppDelegate.swift */,
				253A42271CB5C6A100CE0524 /* GalleryViewController.swift */,
				253A42291CB5C87C00CE0524 /* HomePageViewController.swift */,
				253A42141CB5C0C600CE0524 /* Main.storyboard */,
				253A421A1CB5C0C600CE0524 /* Assets.xcassets */,
				253A421C1CB5C0C600CE0524 /* LaunchScreen.storyboard */,
				253A421F1CB5C0C600CE0524 /* Info.plist */,
				253A42171CB5C0C600CE0524 /* hinder.xcdatamodeld */,
			);
			path = hinder;
			sourceTree = "<group>";
		};
/* End PBXGroup section */

/* Begin PBXNativeTarget section */
		253A420C1CB5C0C500CE0524 /* hinder */ = {
			isa = PBXNativeTarget;
			buildConfigurationList = 253A42221CB5C0C600CE0524 /* Build configuration list for PBXNativeTarget "hinder" */;
			buildPhases = (
				253A42091CB5C0C500CE0524 /* Sources */,
				253A420A1CB5C0C500CE0524 /* Frameworks */,
				253A420B1CB5C0C500CE0524 /* Resources */,
			);
			buildRules = (
			);
			dependencies = (
			);
			name = hinder;
			productName = hinder;
			productReference = 253A420D1CB5C0C500CE0524 /* hinder.app */;
			productType = "com.apple.product-type.application";
		};
/* End PBXNativeTarget section */

/* Begin PBXProject section */
		253A42051CB5C0C500CE0524 /* Project object */ = {
			isa = PBXProject;
			attributes = {
				LastSwiftUpdateCheck = 0720;
				LastUpgradeCheck = 0720;
				ORGANIZATIONNAME = synesthesia;
				TargetAttributes = {
					253A420C1CB5C0C500CE0524 = {
						CreatedOnToolsVersion = 7.2.1;
					};
				};
			};
			buildConfigurationList = 253A42081CB5C0C500CE0524 /* Build configuration list for PBXProject "hinder" */;
			compatibilityVersion = "Xcode 3.2";
			developmentRegion = English;
			hasScannedForEncodings = 0;
			knownRegions = (
				en,
				Base,
			);
			mainGroup = 253A42041CB5C0C500CE0524;
			productRefGroup = 253A420E1CB5C0C500CE0524 /* Products */;
			projectDirPath = "";
			projectRoot = "";
			targets = (
				253A420C1CB5C0C500CE0524 /* hinder */,
			);
		};
/* End PBXProject section */

/* Begin PBXResourcesBuildPhase section */
		253A420B1CB5C0C500CE0524 /* Resources */ = {
			isa = PBXResourcesBuildPhase;
			buildActionMask = 2147483647;
			files = (
				253A421E1CB5C0C600CE0524 /* LaunchScreen.storyboard in Resources */,
				253A421B1CB5C0C600CE0524 /* Assets.xcassets in Resources */,
				253A42161CB5C0C600CE0524 /* Main.storyboard in Resources */,
			);
			runOnlyForDeploymentPostprocessing = 0;
		};
/* End PBXResourcesBuildPhase section */

/* Begin PBXSourcesBuildPhase section */
		253A42091CB5C0C500CE0524 /* Sources */ = {
			isa = PBXSourcesBuildPhase;
			buildActionMask = 2147483647;
			files = (
				253A422A1CB5C87C00CE0524 /* HomePageViewController.swift in Sources */,
				253A42281CB5C6A100CE0524 /* GalleryViewController.swift in Sources */,
				253A42111CB5C0C600CE0524 /* AppDelegate.swift in Sources */,
				253A42191CB5C0C600CE0524 /* hinder.xcdatamodeld in Sources */,
			);
			runOnlyForDeploymentPostprocessing = 0;
		};
/* End PBXSourcesBuildPhase section */

/* Begin PBXVariantGroup section */
		253A42141CB5C0C600CE0524 /* Main.storyboard */ = {
			isa = PBXVariantGroup;
			children = (
				253A42151CB5C0C600CE0524 /* Base */,
			);
			name = Main.storyboard;
			sourceTree = "<group>";
		};
		253A421C1CB5C0C600CE0524 /* LaunchScreen.storyboard */ = {
			isa = PBXVariantGroup;
			children = (
				253A421D1CB5C0C600CE0524 /* Base */,
			);
			name = LaunchScreen.storyboard;
			sourceTree = "<group>";
		};
/* End PBXVariantGroup section */

/* Begin XCBuildConfiguration section */
		253A42201CB5C0C600CE0524 /* Debug */ = {
			isa = XCBuildConfiguration;
			buildSettings = {
				ALWAYS_SEARCH_USER_PATHS = NO;
				CLANG_CXX_LANGUAGE_STANDARD = "gnu++0x";
				CLANG_CXX_LIBRARY = "libc++";
				CLANG_ENABLE_MODULES = YES;
				CLANG_ENABLE_OBJC_ARC = YES;
				CLANG_WARN_BOOL_CONVERSION = YES;
				CLANG_WARN_CONSTANT_CONVERSION = YES;
				CLANG_WARN_DIRECT_OBJC_ISA_USAGE = YES_ERROR;
				CLANG_WARN_EMPTY_BODY = YES;
				CLANG_WARN_ENUM_CONVERSION = YES;
				CLANG_WARN_INT_CONVERSION = YES;
				CLANG_WARN_OBJC_ROOT_CLASS = YES_ERROR;
				CLANG_WARN_UNREACHABLE_CODE = YES;
				CLANG_WARN__DUPLICATE_METHOD_MATCH = YES;
				"CODE_SIGN_IDENTITY[sdk=iphoneos*]" = "iPhone Developer";
				COPY_PHASE_STRIP = NO;
				DEBUG_INFORMATION_FORMAT = dwarf;
				ENABLE_STRICT_OBJC_MSGSEND = YES;
				ENABLE_TESTABILITY = YES;
				GCC_C_LANGUAGE_STANDARD = gnu99;
				GCC_DYNAMIC_NO_PIC = NO;
				GCC_NO_COMMON_BLOCKS = YES;
				GCC_OPTIMIZATION_LEVEL = 0;
				GCC_PREPROCESSOR_DEFINITIONS = (
					"DEBUG=1",
					"$(inherited)",
				);
				GCC_WARN_64_TO_32_BIT_CONVERSION = YES;
				GCC_WARN_ABOUT_RETURN_TYPE = YES_ERROR;
				GCC_WARN_UNDECLARED_SELECTOR = YES;
				GCC_WARN_UNINITIALIZED_AUTOS = YES_AGGRESSIVE;
				GCC_WARN_UNUSED_FUNCTION = YES;
				GCC_WARN_UNUSED_VARIABLE = YES;
				IPHONEOS_DEPLOYMENT_TARGET = 9.2;
				MTL_ENABLE_DEBUG_INFO = YES;
				ONLY_ACTIVE_ARCH = YES;
				SDKROOT = iphoneos;
				SWIFT_OPTIMIZATION_LEVEL = "-Onone";
				TARGETED_DEVICE_FAMILY = "1,2";
			};
			name = Debug;
		};
		253A42211CB5C0C600CE0524 /* Release */ = {
			isa = XCBuildConfiguration;
			buildSettings = {
				ALWAYS_SEARCH_USER_PATHS = NO;
				CLANG_CXX_LANGUAGE_STANDARD = "gnu++0x";
				CLANG_CXX_LIBRARY = "libc++";
				CLANG_ENABLE_MODULES = YES;
				CLANG_ENABLE_OBJC_ARC = YES;
				CLANG_WARN_BOOL_CONVERSION = YES;
				CLANG_WARN_CONSTANT_CONVERSION = YES;
				CLANG_WARN_DIRECT_OBJC_ISA_USAGE = YES_ERROR;
				CLANG_WARN_EMPTY_BODY = YES;
				CLANG_WARN_ENUM_CONVERSION = YES;
				CLANG_WARN_INT_CONVERSION = YES;
				CLANG_WARN_OBJC_ROOT_CLASS = YES_ERROR;
				CLANG_WARN_UNREACHABLE_CODE = YES;
				CLANG_WARN__DUPLICATE_METHOD_MATCH = YES;
				"CODE_SIGN_IDENTITY[sdk=iphoneos*]" = "iPhone Developer";
				COPY_PHASE_STRIP = NO;
				DEBUG_INFORMATION_FORMAT = "dwarf-with-dsym";
				ENABLE_NS_ASSERTIONS = NO;
				ENABLE_STRICT_OBJC_MSGSEND = YES;
				GCC_C_LANGUAGE_STANDARD = gnu99;
				GCC_NO_COMMON_BLOCKS = YES;
				GCC_WARN_64_TO_32_BIT_CONVERSION = YES;
				GCC_WARN_ABOUT_RETURN_TYPE = YES_ERROR;
				GCC_WARN_UNDECLARED_SELECTOR = YES;
				GCC_WARN_UNINITIALIZED_AUTOS = YES_AGGRESSIVE;
				GCC_WARN_UNUSED_FUNCTION = YES;
				GCC_WARN_UNUSED_VARIABLE = YES;
				IPHONEOS_DEPLOYMENT_TARGET = 9.2;
				MTL_ENABLE_DEBUG_INFO = NO;
				SDKROOT = iphoneos;
				TARGETED_DEVICE_FAMILY = "1,2";
				VALIDATE_PRODUCT = YES;
			};
			name = Release;
		};
		253A42231CB5C0C600CE0524 /* Debug */ = {
			isa = XCBuildConfiguration;
			buildSettings = {
				ASSETCATALOG_COMPILER_APPICON_NAME = AppIcon;
				INFOPLIST_FILE = hinder/Info.plist;
				LD_RUNPATH_SEARCH_PATHS = "$(inherited) @executable_path/Frameworks";
				PRODUCT_BUNDLE_IDENTIFIER = synesthesia.hinder;
				PRODUCT_NAME = "$(TARGET_NAME)";
			};
			name = Debug;
		};
		253A42241CB5C0C600CE0524 /* Release */ = {
			isa = XCBuildConfiguration;
			buildSettings = {
				ASSETCATALOG_COMPILER_APPICON_NAME = AppIcon;
				INFOPLIST_FILE = hinder/Info.plist;
				LD_RUNPATH_SEARCH_PATHS = "$(inherited) @executable_path/Frameworks";
				PRODUCT_BUNDLE_IDENTIFIER = synesthesia.hinder;
				PRODUCT_NAME = "$(TARGET_NAME)";
			};
			name = Release;
		};
/* End XCBuildConfiguration section */

/* Begin XCConfigurationList section */
		253A42081CB5C0C500CE0524 /* Build configuration list for PBXProject "hinder" */ = {
			isa = XCConfigurationList;
			buildConfigurations = (
				253A42201CB5C0C600CE0524 /* Debug */,
				253A42211CB5C0C600CE0524 /* Release */,
			);
			defaultConfigurationIsVisible = 0;
			defaultConfigurationName = Release;
		};
		253A42221CB5C0C600CE0524 /* Build configuration list for PBXNativeTarget "hinder" */ = {
			isa = XCConfigurationList;
			buildConfigurations = (
				253A42231CB5C0C600CE0524 /* Debug */,
				253A42241CB5C0C600CE0524 /* Release */,
			);
			defaultConfigurationIsVisible = 0;
		};
/* End XCConfigurationList section */

/* Begin XCVersionGroup section */
		253A42171CB5C0C600CE0524 /* hinder.xcdatamodeld */ = {
			isa = XCVersionGroup;
			children = (
				253A42181CB5C0C600CE0524 /* hinder.xcdatamodel */,
			);
			currentVersion = 253A42181CB5C0C600CE0524 /* hinder.xcdatamodel */;
			path = hinder.xcdatamodeld;
			sourceTree = "<group>";
			versionGroupType = wrapper.xcdatamodel;
		};
/* End XCVersionGroup section */
	};
	rootObject = 253A42051CB5C0C500CE0524 /* Project object */;
}
